// !$*UTF8*$!
{
	archiveVersion = 1;
	classes = {
	};
	objectVersion = 46;
	objects = {

/* Begin PBXBuildFile section */
		61438D391D7240790011F901 /* AppDelegate.swift in Sources */ = {isa = PBXBuildFile; fileRef = 61438D381D7240790011F901 /* AppDelegate.swift */; };
		61438D3B1D7240790011F901 /* ViewController.swift in Sources */ = {isa = PBXBuildFile; fileRef = 61438D3A1D7240790011F901 /* ViewController.swift */; };
		61438D3E1D7240790011F901 /* Main.storyboard in Resources */ = {isa = PBXBuildFile; fileRef = 61438D3C1D7240790011F901 /* Main.storyboard */; };
		61438D401D7240790011F901 /* Assets.xcassets in Resources */ = {isa = PBXBuildFile; fileRef = 61438D3F1D7240790011F901 /* Assets.xcassets */; };
		61438D431D7240790011F901 /* LaunchScreen.storyboard in Resources */ = {isa = PBXBuildFile; fileRef = 61438D411D7240790011F901 /* LaunchScreen.storyboard */; };
		61438D4E1D7240790011F901 /* delphiTests.swift in Sources */ = {isa = PBXBuildFile; fileRef = 61438D4D1D7240790011F901 /* delphiTests.swift */; };
/* End PBXBuildFile section */

/* Begin PBXContainerItemProxy section */
		61438D4A1D7240790011F901 /* PBXContainerItemProxy */ = {
			isa = PBXContainerItemProxy;
			containerPortal = 61438D2D1D7240780011F901 /* Project object */;
			proxyType = 1;
			remoteGlobalIDString = 61438D341D7240780011F901;
			remoteInfo = delphi;
		};
/* End PBXContainerItemProxy section */

/* Begin PBXFileReference section */
		61438D351D7240780011F901 /* delphi.app */ = {isa = PBXFileReference; explicitFileType = wrapper.application; includeInIndex = 0; path = delphi.app; sourceTree = BUILT_PRODUCTS_DIR; };
		61438D381D7240790011F901 /* AppDelegate.swift */ = {isa = PBXFileReference; lastKnownFileType = sourcecode.swift; path = AppDelegate.swift; sourceTree = "<group>"; };
		61438D3A1D7240790011F901 /* ViewController.swift */ = {isa = PBXFileReference; lastKnownFileType = sourcecode.swift; path = ViewController.swift; sourceTree = "<group>"; };
		61438D3D1D7240790011F901 /* Base */ = {isa = PBXFileReference; lastKnownFileType = file.storyboard; name = Base; path = Base.lproj/Main.storyboard; sourceTree = "<group>"; };
		61438D3F1D7240790011F901 /* Assets.xcassets */ = {isa = PBXFileReference; lastKnownFileType = folder.assetcatalog; path = Assets.xcassets; sourceTree = "<group>"; };
		61438D421D7240790011F901 /* Base */ = {isa = PBXFileReference; lastKnownFileType = file.storyboard; name = Base; path = Base.lproj/LaunchScreen.storyboard; sourceTree = "<group>"; };
		61438D441D7240790011F901 /* Info.plist */ = {isa = PBXFileReference; lastKnownFileType = text.plist.xml; path = Info.plist; sourceTree = "<group>"; };
		61438D491D7240790011F901 /* delphiTests.xctest */ = {isa = PBXFileReference; explicitFileType = wrapper.cfbundle; includeInIndex = 0; path = delphiTests.xctest; sourceTree = BUILT_PRODUCTS_DIR; };
		61438D4D1D7240790011F901 /* delphiTests.swift */ = {isa = PBXFileReference; lastKnownFileType = sourcecode.swift; path = delphiTests.swift; sourceTree = "<group>"; };
		61438D4F1D7240790011F901 /* Info.plist */ = {isa = PBXFileReference; lastKnownFileType = text.plist.xml; path = Info.plist; sourceTree = "<group>"; };
/* End PBXFileReference section */

/* Begin PBXFrameworksBuildPhase section */
		61438D321D7240780011F901 /* Frameworks */ = {
			isa = PBXFrameworksBuildPhase;
			buildActionMask = 2147483647;
			files = (
			);
			runOnlyForDeploymentPostprocessing = 0;
		};
		61438D461D7240790011F901 /* Frameworks */ = {
			isa = PBXFrameworksBuildPhase;
			buildActionMask = 2147483647;
			files = (
			);
			runOnlyForDeploymentPostprocessing = 0;
		};
/* End PBXFrameworksBuildPhase section */

/* Begin PBXGroup section */
		61438D2C1D7240780011F901 = {
			isa = PBXGroup;
			children = (
				61438D371D7240790011F901 /* delphi */,
				61438D4C1D7240790011F901 /* delphiTests */,
				61438D361D7240780011F901 /* Products */,
			);
			sourceTree = "<group>";
		};
		61438D361D7240780011F901 /* Products */ = {
			isa = PBXGroup;
			children = (
				61438D351D7240780011F901 /* delphi.app */,
				61438D491D7240790011F901 /* delphiTests.xctest */,
			);
			name = Products;
			sourceTree = "<group>";
		};
		61438D371D7240790011F901 /* delphi */ = {
			isa = PBXGroup;
			children = (
				61438D381D7240790011F901 /* AppDelegate.swift */,
				61438D3A1D7240790011F901 /* ViewController.swift */,
				61438D3C1D7240790011F901 /* Main.storyboard */,
				61438D3F1D7240790011F901 /* Assets.xcassets */,
				61438D411D7240790011F901 /* LaunchScreen.storyboard */,
				61438D441D7240790011F901 /* Info.plist */,
			);
			path = delphi;
			sourceTree = "<group>";
		};
		61438D4C1D7240790011F901 /* delphiTests */ = {
			isa = PBXGroup;
			children = (
				61438D4D1D7240790011F901 /* delphiTests.swift */,
				61438D4F1D7240790011F901 /* Info.plist */,
			);
			path = delphiTests;
			sourceTree = "<group>";
		};
/* End PBXGroup section */

/* Begin PBXNativeTarget section */
		61438D341D7240780011F901 /* delphi */ = {
			isa = PBXNativeTarget;
			buildConfigurationList = 61438D521D7240790011F901 /* Build configuration list for PBXNativeTarget "delphi" */;
			buildPhases = (
				61438D311D7240780011F901 /* Sources */,
				61438D321D7240780011F901 /* Frameworks */,
				61438D331D7240780011F901 /* Resources */,
			);
			buildRules = (
			);
			dependencies = (
			);
			name = delphi;
			productName = delphi;
			productReference = 61438D351D7240780011F901 /* delphi.app */;
			productType = "com.apple.product-type.application";
		};
		61438D481D7240790011F901 /* delphiTests */ = {
			isa = PBXNativeTarget;
			buildConfigurationList = 61438D551D7240790011F901 /* Build configuration list for PBXNativeTarget "delphiTests" */;
			buildPhases = (
				61438D451D7240790011F901 /* Sources */,
				61438D461D7240790011F901 /* Frameworks */,
				61438D471D7240790011F901 /* Resources */,
			);
			buildRules = (
			);
			dependencies = (
				61438D4B1D7240790011F901 /* PBXTargetDependency */,
			);
			name = delphiTests;
			productName = delphiTests;
			productReference = 61438D491D7240790011F901 /* delphiTests.xctest */;
			productType = "com.apple.product-type.bundle.unit-test";
		};
/* End PBXNativeTarget section */

/* Begin PBXProject section */
		61438D2D1D7240780011F901 /* Project object */ = {
			isa = PBXProject;
			attributes = {
				LastSwiftUpdateCheck = 0730;
				LastUpgradeCheck = 0730;
				ORGANIZATIONNAME = "Debparna Pratiher";
				TargetAttributes = {
					61438D341D7240780011F901 = {
						CreatedOnToolsVersion = 7.3.1;
						DevelopmentTeam = H22D73CE93;
					};
					61438D481D7240790011F901 = {
						CreatedOnToolsVersion = 7.3.1;
						DevelopmentTeam = H22D73CE93;
						TestTargetID = 61438D341D7240780011F901;
					};
				};
			};
			buildConfigurationList = 61438D301D7240780011F901 /* Build configuration list for PBXProject "delphi" */;
			compatibilityVersion = "Xcode 3.2";
			developmentRegion = English;
			hasScannedForEncodings = 0;
			knownRegions = (
				en,
				Base,
			);
			mainGroup = 61438D2C1D7240780011F901;
			productRefGroup = 61438D361D7240780011F901 /* Products */;
			projectDirPath = "";
			projectRoot = "";
			targets = (
				61438D341D7240780011F901 /* delphi */,
				61438D481D7240790011F901 /* delphiTests */,
			);
		};
/* End PBXProject section */

/* Begin PBXResourcesBuildPhase section */
		61438D331D7240780011F901 /* Resources */ = {
			isa = PBXResourcesBuildPhase;
			buildActionMask = 2147483647;
			files = (
				61438D431D7240790011F901 /* LaunchScreen.storyboard in Resources */,
				61438D401D7240790011F901 /* Assets.xcassets in Resources */,
				61438D3E1D7240790011F901 /* Main.storyboard in Resources */,
			);
			runOnlyForDeploymentPostprocessing = 0;
		};
		61438D471D7240790011F901 /* Resources */ = {
			isa = PBXResourcesBuildPhase;
			buildActionMask = 2147483647;
			files = (
			);
			runOnlyForDeploymentPostprocessing = 0;
		};
/* End PBXResourcesBuildPhase section */

/* Begin PBXSourcesBuildPhase section */
		61438D311D7240780011F901 /* Sources */ = {
			isa = PBXSourcesBuildPhase;
			buildActionMask = 2147483647;
			files = (
				61438D3B1D7240790011F901 /* ViewController.swift in Sources */,
				61438D391D7240790011F901 /* AppDelegate.swift in Sources */,
			);
			runOnlyForDeploymentPostprocessing = 0;
		};
		61438D451D7240790011F901 /* Sources */ = {
			isa = PBXSourcesBuildPhase;
			buildActionMask = 2147483647;
			files = (
				61438D4E1D7240790011F901 /* delphiTests.swift in Sources */,
			);
			runOnlyForDeploymentPostprocessing = 0;
		};
/* End PBXSourcesBuildPhase section */

/* Begin PBXTargetDependency section */
		61438D4B1D7240790011F901 /* PBXTargetDependency */ = {
			isa = PBXTargetDependency;
			target = 61438D341D7240780011F901 /* delphi */;
			targetProxy = 61438D4A1D7240790011F901 /* PBXContainerItemProxy */;
		};
/* End PBXTargetDependency section */

/* Begin PBXVariantGroup section */
		61438D3C1D7240790011F901 /* Main.storyboard */ = {
			isa = PBXVariantGroup;
			children = (
				61438D3D1D7240790011F901 /* Base */,
			);
			name = Main.storyboard;
			sourceTree = "<group>";
		};
		61438D411D7240790011F901 /* LaunchScreen.storyboard */ = {
			isa = PBXVariantGroup;
			children = (
				61438D421D7240790011F901 /* Base */,
			);
			name = LaunchScreen.storyboard;
			sourceTree = "<group>";
		};
/* End PBXVariantGroup section */

/* Begin XCBuildConfiguration section */
		61438D501D7240790011F901 /* Debug */ = {
			isa = XCBuildConfiguration;
			buildSettings = {
				ALWAYS_SEARCH_USER_PATHS = NO;
				CLANG_ANALYZER_NONNULL = YES;
				CLANG_CXX_LANGUAGE_STANDARD = "gnu++0x";
				CLANG_CXX_LIBRARY = "libc++";
				CLANG_ENABLE_MODULES = YES;
				CLANG_ENABLE_OBJC_ARC = YES;
				CLANG_WARN_BOOL_CONVERSION = YES;
				CLANG_WARN_CONSTANT_CONVERSION = YES;
				CLANG_WARN_DIRECT_OBJC_ISA_USAGE = YES_ERROR;
				CLANG_WARN_EMPTY_BODY = YES;
				CLANG_WARN_ENUM_CONVERSION = YES;
				CLANG_WARN_INT_CONVERSION = YES;
				CLANG_WARN_OBJC_ROOT_CLASS = YES_ERROR;
				CLANG_WARN_UNREACHABLE_CODE = YES;
				CLANG_WARN__DUPLICATE_METHOD_MATCH = YES;
				"CODE_SIGN_IDENTITY[sdk=iphoneos*]" = "iPhone Developer";
				COPY_PHASE_STRIP = NO;
				DEBUG_INFORMATION_FORMAT = dwarf;
				ENABLE_STRICT_OBJC_MSGSEND = YES;
				ENABLE_TESTABILITY = YES;
				GCC_C_LANGUAGE_STANDARD = gnu99;
				GCC_DYNAMIC_NO_PIC = NO;
				GCC_NO_COMMON_BLOCKS = YES;
				GCC_OPTIMIZATION_LEVEL = 0;
				GCC_PREPROCESSOR_DEFINITIONS = (
					"DEBUG=1",
					"$(inherited)",
				);
				GCC_WARN_64_TO_32_BIT_CONVERSION = YES;
				GCC_WARN_ABOUT_RETURN_TYPE = YES_ERROR;
				GCC_WARN_UNDECLARED_SELECTOR = YES;
				GCC_WARN_UNINITIALIZED_AUTOS = YES_AGGRESSIVE;
				GCC_WARN_UNUSED_FUNCTION = YES;
				GCC_WARN_UNUSED_VARIABLE = YES;
				IPHONEOS_DEPLOYMENT_TARGET = 9.3;
				MTL_ENABLE_DEBUG_INFO = YES;
				ONLY_ACTIVE_ARCH = YES;
				SDKROOT = iphoneos;
				SWIFT_OPTIMIZATION_LEVEL = "-Onone";
			};
			name = Debug;
		};
		61438D511D7240790011F901 /* Release */ = {
			isa = XCBuildConfiguration;
			buildSettings = {
				ALWAYS_SEARCH_USER_PATHS = NO;
				CLANG_ANALYZER_NONNULL = YES;
				CLANG_CXX_LANGUAGE_STANDARD = "gnu++0x";
				CLANG_CXX_LIBRARY = "libc++";
				CLANG_ENABLE_MODULES = YES;
				CLANG_ENABLE_OBJC_ARC = YES;
				CLANG_WARN_BOOL_CONVERSION = YES;
				CLANG_WARN_CONSTANT_CONVERSION = YES;
				CLANG_WARN_DIRECT_OBJC_ISA_USAGE = YES_ERROR;
				CLANG_WARN_EMPTY_BODY = YES;
				CLANG_WARN_ENUM_CONVERSION = YES;
				CLANG_WARN_INT_CONVERSION = YES;
				CLANG_WARN_OBJC_ROOT_CLASS = YES_ERROR;
				CLANG_WARN_UNREACHABLE_CODE = YES;
				CLANG_WARN__DUPLICATE_METHOD_MATCH = YES;
				"CODE_SIGN_IDENTITY[sdk=iphoneos*]" = "iPhone Developer";
				COPY_PHASE_STRIP = NO;
				DEBUG_INFORMATION_FORMAT = "dwarf-with-dsym";
				ENABLE_NS_ASSERTIONS = NO;
				ENABLE_STRICT_OBJC_MSGSEND = YES;
				GCC_C_LANGUAGE_STANDARD = gnu99;
				GCC_NO_COMMON_BLOCKS = YES;
				GCC_WARN_64_TO_32_BIT_CONVERSION = YES;
				GCC_WARN_ABOUT_RETURN_TYPE = YES_ERROR;
				GCC_WARN_UNDECLARED_SELECTOR = YES;
				GCC_WARN_UNINITIALIZED_AUTOS = YES_AGGRESSIVE;
				GCC_WARN_UNUSED_FUNCTION = YES;
				GCC_WARN_UNUSED_VARIABLE = YES;
				IPHONEOS_DEPLOYMENT_TARGET = 9.3;
				MTL_ENABLE_DEBUG_INFO = NO;
				SDKROOT = iphoneos;
				VALIDATE_PRODUCT = YES;
			};
			name = Release;
		};
		61438D531D7240790011F901 /* Debug */ = {
			isa = XCBuildConfiguration;
			buildSettings = {
				ASSETCATALOG_COMPILER_APPICON_NAME = AppIcon;
				INFOPLIST_FILE = delphi/Info.plist;
				LD_RUNPATH_SEARCH_PATHS = "$(inherited) @executable_path/Frameworks";
				PRODUCT_BUNDLE_IDENTIFIER = deb.delphi;
				PRODUCT_NAME = "$(TARGET_NAME)";
			};
			name = Debug;
		};
		61438D541D7240790011F901 /* Release */ = {
			isa = XCBuildConfiguration;
			buildSettings = {
				ASSETCATALOG_COMPILER_APPICON_NAME = AppIcon;
				INFOPLIST_FILE = delphi/Info.plist;
				LD_RUNPATH_SEARCH_PATHS = "$(inherited) @executable_path/Frameworks";
				PRODUCT_BUNDLE_IDENTIFIER = deb.delphi;
				PRODUCT_NAME = "$(TARGET_NAME)";
			};
			name = Release;
		};
		61438D561D7240790011F901 /* Debug */ = {
			isa = XCBuildConfiguration;
			buildSettings = {
				BUNDLE_LOADER = "$(TEST_HOST)";
				INFOPLIST_FILE = delphiTests/Info.plist;
				LD_RUNPATH_SEARCH_PATHS = "$(inherited) @executable_path/Frameworks @loader_path/Frameworks";
				PRODUCT_BUNDLE_IDENTIFIER = deb.delphiTests;
				PRODUCT_NAME = "$(TARGET_NAME)";
				TEST_HOST = "$(BUILT_PRODUCTS_DIR)/delphi.app/delphi";
			};
			name = Debug;
		};
		61438D571D7240790011F901 /* Release */ = {
			isa = XCBuildConfiguration;
			buildSettings = {
				BUNDLE_LOADER = "$(TEST_HOST)";
				INFOPLIST_FILE = delphiTests/Info.plist;
				LD_RUNPATH_SEARCH_PATHS = "$(inherited) @executable_path/Frameworks @loader_path/Frameworks";
				PRODUCT_BUNDLE_IDENTIFIER = deb.delphiTests;
				PRODUCT_NAME = "$(TARGET_NAME)";
				TEST_HOST = "$(BUILT_PRODUCTS_DIR)/delphi.app/delphi";
			};
			name = Release;
		};
/* End XCBuildConfiguration section */

/* Begin XCConfigurationList section */
		61438D301D7240780011F901 /* Build configuration list for PBXProject "delphi" */ = {
			isa = XCConfigurationList;
			buildConfigurations = (
				61438D501D7240790011F901 /* Debug */,
				61438D511D7240790011F901 /* Release */,
			);
			defaultConfigurationIsVisible = 0;
			defaultConfigurationName = Release;
		};
		61438D521D7240790011F901 /* Build configuration list for PBXNativeTarget "delphi" */ = {
			isa = XCConfigurationList;
			buildConfigurations = (
				61438D531D7240790011F901 /* Debug */,
				61438D541D7240790011F901 /* Release */,
			);
			defaultConfigurationIsVisible = 0;
		};
		61438D551D7240790011F901 /* Build configuration list for PBXNativeTarget "delphiTests" */ = {
			isa = XCConfigurationList;
			buildConfigurations = (
				61438D561D7240790011F901 /* Debug */,
				61438D571D7240790011F901 /* Release */,
			);
			defaultConfigurationIsVisible = 0;
		};
/* End XCConfigurationList section */
	};
	rootObject = 61438D2D1D7240780011F901 /* Project object */;
}
